// !$*UTF8*$!
{
	archiveVersion = 1;
	classes = {
	};
	objectVersion = 55;
	objects = {

/* Begin PBXBuildFile section */
		7CA6D45028B8BBEF00573FF6 /* AppDelegate.swift in Sources */ = {isa = PBXBuildFile; fileRef = 7CA6D44F28B8BBEF00573FF6 /* AppDelegate.swift */; };
		7CA6D45228B8BBEF00573FF6 /* SceneDelegate.swift in Sources */ = {isa = PBXBuildFile; fileRef = 7CA6D45128B8BBEF00573FF6 /* SceneDelegate.swift */; };
		7CA6D45428B8BBEF00573FF6 /* ViewController.swift in Sources */ = {isa = PBXBuildFile; fileRef = 7CA6D45328B8BBEF00573FF6 /* ViewController.swift */; };
		7CA6D45728B8BBEF00573FF6 /* Main.storyboard in Resources */ = {isa = PBXBuildFile; fileRef = 7CA6D45528B8BBEF00573FF6 /* Main.storyboard */; };
		7CA6D45A28B8BBEF00573FF6 /* Lotto_App.xcdatamodeld in Sources */ = {isa = PBXBuildFile; fileRef = 7CA6D45828B8BBEF00573FF6 /* Lotto_App.xcdatamodeld */; };
		7CA6D45C28B8BBF200573FF6 /* Assets.xcassets in Resources */ = {isa = PBXBuildFile; fileRef = 7CA6D45B28B8BBF200573FF6 /* Assets.xcassets */; };
		7CA6D45F28B8BBF200573FF6 /* LaunchScreen.storyboard in Resources */ = {isa = PBXBuildFile; fileRef = 7CA6D45D28B8BBF200573FF6 /* LaunchScreen.storyboard */; };
		7CA6D46A28B8BBF200573FF6 /* Lotto_AppTests.swift in Sources */ = {isa = PBXBuildFile; fileRef = 7CA6D46928B8BBF200573FF6 /* Lotto_AppTests.swift */; };
		7CA6D47428B8BBF200573FF6 /* Lotto_AppUITests.swift in Sources */ = {isa = PBXBuildFile; fileRef = 7CA6D47328B8BBF200573FF6 /* Lotto_AppUITests.swift */; };
		7CA6D47628B8BBF200573FF6 /* Lotto_AppUITestsLaunchTests.swift in Sources */ = {isa = PBXBuildFile; fileRef = 7CA6D47528B8BBF200573FF6 /* Lotto_AppUITestsLaunchTests.swift */; };
/* End PBXBuildFile section */

/* Begin PBXContainerItemProxy section */
		7CA6D46628B8BBF200573FF6 /* PBXContainerItemProxy */ = {
			isa = PBXContainerItemProxy;
			containerPortal = 7CA6D44428B8BBEF00573FF6 /* Project object */;
			proxyType = 1;
			remoteGlobalIDString = 7CA6D44B28B8BBEF00573FF6;
			remoteInfo = "Lotto App";
		};
		7CA6D47028B8BBF200573FF6 /* PBXContainerItemProxy */ = {
			isa = PBXContainerItemProxy;
			containerPortal = 7CA6D44428B8BBEF00573FF6 /* Project object */;
			proxyType = 1;
			remoteGlobalIDString = 7CA6D44B28B8BBEF00573FF6;
			remoteInfo = "Lotto App";
		};
/* End PBXContainerItemProxy section */

/* Begin PBXFileReference section */
		7CA6D44C28B8BBEF00573FF6 /* Lotto App.app */ = {isa = PBXFileReference; explicitFileType = wrapper.application; includeInIndex = 0; path = "Lotto App.app"; sourceTree = BUILT_PRODUCTS_DIR; };
		7CA6D44F28B8BBEF00573FF6 /* AppDelegate.swift */ = {isa = PBXFileReference; lastKnownFileType = sourcecode.swift; path = AppDelegate.swift; sourceTree = "<group>"; };
		7CA6D45128B8BBEF00573FF6 /* SceneDelegate.swift */ = {isa = PBXFileReference; lastKnownFileType = sourcecode.swift; path = SceneDelegate.swift; sourceTree = "<group>"; };
		7CA6D45328B8BBEF00573FF6 /* ViewController.swift */ = {isa = PBXFileReference; lastKnownFileType = sourcecode.swift; path = ViewController.swift; sourceTree = "<group>"; };
		7CA6D45628B8BBEF00573FF6 /* Base */ = {isa = PBXFileReference; lastKnownFileType = file.storyboard; name = Base; path = Base.lproj/Main.storyboard; sourceTree = "<group>"; };
		7CA6D45928B8BBEF00573FF6 /* Lotto_App.xcdatamodel */ = {isa = PBXFileReference; lastKnownFileType = wrapper.xcdatamodel; path = Lotto_App.xcdatamodel; sourceTree = "<group>"; };
		7CA6D45B28B8BBF200573FF6 /* Assets.xcassets */ = {isa = PBXFileReference; lastKnownFileType = folder.assetcatalog; path = Assets.xcassets; sourceTree = "<group>"; };
		7CA6D45E28B8BBF200573FF6 /* Base */ = {isa = PBXFileReference; lastKnownFileType = file.storyboard; name = Base; path = Base.lproj/LaunchScreen.storyboard; sourceTree = "<group>"; };
		7CA6D46028B8BBF200573FF6 /* Info.plist */ = {isa = PBXFileReference; lastKnownFileType = text.plist.xml; path = Info.plist; sourceTree = "<group>"; };
		7CA6D46528B8BBF200573FF6 /* Lotto AppTests.xctest */ = {isa = PBXFileReference; explicitFileType = wrapper.cfbundle; includeInIndex = 0; path = "Lotto AppTests.xctest"; sourceTree = BUILT_PRODUCTS_DIR; };
		7CA6D46928B8BBF200573FF6 /* Lotto_AppTests.swift */ = {isa = PBXFileReference; lastKnownFileType = sourcecode.swift; path = Lotto_AppTests.swift; sourceTree = "<group>"; };
		7CA6D46F28B8BBF200573FF6 /* Lotto AppUITests.xctest */ = {isa = PBXFileReference; explicitFileType = wrapper.cfbundle; includeInIndex = 0; path = "Lotto AppUITests.xctest"; sourceTree = BUILT_PRODUCTS_DIR; };
		7CA6D47328B8BBF200573FF6 /* Lotto_AppUITests.swift */ = {isa = PBXFileReference; lastKnownFileType = sourcecode.swift; path = Lotto_AppUITests.swift; sourceTree = "<group>"; };
		7CA6D47528B8BBF200573FF6 /* Lotto_AppUITestsLaunchTests.swift */ = {isa = PBXFileReference; lastKnownFileType = sourcecode.swift; path = Lotto_AppUITestsLaunchTests.swift; sourceTree = "<group>"; };
/* End PBXFileReference section */

/* Begin PBXFrameworksBuildPhase section */
		7CA6D44928B8BBEF00573FF6 /* Frameworks */ = {
			isa = PBXFrameworksBuildPhase;
			buildActionMask = 2147483647;
			files = (
			);
			runOnlyForDeploymentPostprocessing = 0;
		};
		7CA6D46228B8BBF200573FF6 /* Frameworks */ = {
			isa = PBXFrameworksBuildPhase;
			buildActionMask = 2147483647;
			files = (
			);
			runOnlyForDeploymentPostprocessing = 0;
		};
		7CA6D46C28B8BBF200573FF6 /* Frameworks */ = {
			isa = PBXFrameworksBuildPhase;
			buildActionMask = 2147483647;
			files = (
			);
			runOnlyForDeploymentPostprocessing = 0;
		};
/* End PBXFrameworksBuildPhase section */

/* Begin PBXGroup section */
		7CA6D44328B8BBEF00573FF6 = {
			isa = PBXGroup;
			children = (
				7CA6D44E28B8BBEF00573FF6 /* Lotto App */,
				7CA6D46828B8BBF200573FF6 /* Lotto AppTests */,
				7CA6D47228B8BBF200573FF6 /* Lotto AppUITests */,
				7CA6D44D28B8BBEF00573FF6 /* Products */,
			);
			sourceTree = "<group>";
		};
		7CA6D44D28B8BBEF00573FF6 /* Products */ = {
			isa = PBXGroup;
			children = (
				7CA6D44C28B8BBEF00573FF6 /* Lotto App.app */,
				7CA6D46528B8BBF200573FF6 /* Lotto AppTests.xctest */,
				7CA6D46F28B8BBF200573FF6 /* Lotto AppUITests.xctest */,
			);
			name = Products;
			sourceTree = "<group>";
		};
		7CA6D44E28B8BBEF00573FF6 /* Lotto App */ = {
			isa = PBXGroup;
			children = (
				7CA6D44F28B8BBEF00573FF6 /* AppDelegate.swift */,
				7CA6D45128B8BBEF00573FF6 /* SceneDelegate.swift */,
				7CA6D45328B8BBEF00573FF6 /* ViewController.swift */,
				7CA6D45528B8BBEF00573FF6 /* Main.storyboard */,
				7CA6D45B28B8BBF200573FF6 /* Assets.xcassets */,
				7CA6D45D28B8BBF200573FF6 /* LaunchScreen.storyboard */,
				7CA6D46028B8BBF200573FF6 /* Info.plist */,
				7CA6D45828B8BBEF00573FF6 /* Lotto_App.xcdatamodeld */,
			);
			path = "Lotto App";
			sourceTree = "<group>";
		};
		7CA6D46828B8BBF200573FF6 /* Lotto AppTests */ = {
			isa = PBXGroup;
			children = (
				7CA6D46928B8BBF200573FF6 /* Lotto_AppTests.swift */,
			);
			path = "Lotto AppTests";
			sourceTree = "<group>";
		};
		7CA6D47228B8BBF200573FF6 /* Lotto AppUITests */ = {
			isa = PBXGroup;
			children = (
				7CA6D47328B8BBF200573FF6 /* Lotto_AppUITests.swift */,
				7CA6D47528B8BBF200573FF6 /* Lotto_AppUITestsLaunchTests.swift */,
			);
			path = "Lotto AppUITests";
			sourceTree = "<group>";
		};
/* End PBXGroup section */

/* Begin PBXNativeTarget section */
		7CA6D44B28B8BBEF00573FF6 /* Lotto App */ = {
			isa = PBXNativeTarget;
			buildConfigurationList = 7CA6D47928B8BBF200573FF6 /* Build configuration list for PBXNativeTarget "Lotto App" */;
			buildPhases = (
				7CA6D44828B8BBEF00573FF6 /* Sources */,
				7CA6D44928B8BBEF00573FF6 /* Frameworks */,
				7CA6D44A28B8BBEF00573FF6 /* Resources */,
			);
			buildRules = (
			);
			dependencies = (
			);
			name = "Lotto App";
			productName = "Lotto App";
			productReference = 7CA6D44C28B8BBEF00573FF6 /* Lotto App.app */;
			productType = "com.apple.product-type.application";
		};
		7CA6D46428B8BBF200573FF6 /* Lotto AppTests */ = {
			isa = PBXNativeTarget;
			buildConfigurationList = 7CA6D47C28B8BBF200573FF6 /* Build configuration list for PBXNativeTarget "Lotto AppTests" */;
			buildPhases = (
				7CA6D46128B8BBF200573FF6 /* Sources */,
				7CA6D46228B8BBF200573FF6 /* Frameworks */,
				7CA6D46328B8BBF200573FF6 /* Resources */,
			);
			buildRules = (
			);
			dependencies = (
				7CA6D46728B8BBF200573FF6 /* PBXTargetDependency */,
			);
			name = "Lotto AppTests";
			productName = "Lotto AppTests";
			productReference = 7CA6D46528B8BBF200573FF6 /* Lotto AppTests.xctest */;
			productType = "com.apple.product-type.bundle.unit-test";
		};
		7CA6D46E28B8BBF200573FF6 /* Lotto AppUITests */ = {
			isa = PBXNativeTarget;
			buildConfigurationList = 7CA6D47F28B8BBF200573FF6 /* Build configuration list for PBXNativeTarget "Lotto AppUITests" */;
			buildPhases = (
				7CA6D46B28B8BBF200573FF6 /* Sources */,
				7CA6D46C28B8BBF200573FF6 /* Frameworks */,
				7CA6D46D28B8BBF200573FF6 /* Resources */,
			);
			buildRules = (
			);
			dependencies = (
				7CA6D47128B8BBF200573FF6 /* PBXTargetDependency */,
			);
			name = "Lotto AppUITests";
			productName = "Lotto AppUITests";
			productReference = 7CA6D46F28B8BBF200573FF6 /* Lotto AppUITests.xctest */;
			productType = "com.apple.product-type.bundle.ui-testing";
		};
/* End PBXNativeTarget section */

/* Begin PBXProject section */
		7CA6D44428B8BBEF00573FF6 /* Project object */ = {
			isa = PBXProject;
			attributes = {
				BuildIndependentTargetsInParallel = 1;
				LastSwiftUpdateCheck = 1340;
				LastUpgradeCheck = 1340;
				TargetAttributes = {
					7CA6D44B28B8BBEF00573FF6 = {
						CreatedOnToolsVersion = 13.4.1;
					};
					7CA6D46428B8BBF200573FF6 = {
						CreatedOnToolsVersion = 13.4.1;
						TestTargetID = 7CA6D44B28B8BBEF00573FF6;
					};
					7CA6D46E28B8BBF200573FF6 = {
						CreatedOnToolsVersion = 13.4.1;
						TestTargetID = 7CA6D44B28B8BBEF00573FF6;
					};
				};
			};
			buildConfigurationList = 7CA6D44728B8BBEF00573FF6 /* Build configuration list for PBXProject "Lotto App" */;
			compatibilityVersion = "Xcode 13.0";
			developmentRegion = en;
			hasScannedForEncodings = 0;
			knownRegions = (
				en,
				Base,
			);
			mainGroup = 7CA6D44328B8BBEF00573FF6;
			productRefGroup = 7CA6D44D28B8BBEF00573FF6 /* Products */;
			projectDirPath = "";
			projectRoot = "";
			targets = (
				7CA6D44B28B8BBEF00573FF6 /* Lotto App */,
				7CA6D46428B8BBF200573FF6 /* Lotto AppTests */,
				7CA6D46E28B8BBF200573FF6 /* Lotto AppUITests */,
			);
		};
/* End PBXProject section */

/* Begin PBXResourcesBuildPhase section */
		7CA6D44A28B8BBEF00573FF6 /* Resources */ = {
			isa = PBXResourcesBuildPhase;
			buildActionMask = 2147483647;
			files = (
				7CA6D45F28B8BBF200573FF6 /* LaunchScreen.storyboard in Resources */,
				7CA6D45C28B8BBF200573FF6 /* Assets.xcassets in Resources */,
				7CA6D45728B8BBEF00573FF6 /* Main.storyboard in Resources */,
			);
			runOnlyForDeploymentPostprocessing = 0;
		};
		7CA6D46328B8BBF200573FF6 /* Resources */ = {
			isa = PBXResourcesBuildPhase;
			buildActionMask = 2147483647;
			files = (
			);
			runOnlyForDeploymentPostprocessing = 0;
		};
		7CA6D46D28B8BBF200573FF6 /* Resources */ = {
			isa = PBXResourcesBuildPhase;
			buildActionMask = 2147483647;
			files = (
			);
			runOnlyForDeploymentPostprocessing = 0;
		};
/* End PBXResourcesBuildPhase section */

/* Begin PBXSourcesBuildPhase section */
		7CA6D44828B8BBEF00573FF6 /* Sources */ = {
			isa = PBXSourcesBuildPhase;
			buildActionMask = 2147483647;
			files = (
				7CA6D45A28B8BBEF00573FF6 /* Lotto_App.xcdatamodeld in Sources */,
				7CA6D45428B8BBEF00573FF6 /* ViewController.swift in Sources */,
				7CA6D45028B8BBEF00573FF6 /* AppDelegate.swift in Sources */,
				7CA6D45228B8BBEF00573FF6 /* SceneDelegate.swift in Sources */,
			);
			runOnlyForDeploymentPostprocessing = 0;
		};
		7CA6D46128B8BBF200573FF6 /* Sources */ = {
			isa = PBXSourcesBuildPhase;
			buildActionMask = 2147483647;
			files = (
				7CA6D46A28B8BBF200573FF6 /* Lotto_AppTests.swift in Sources */,
			);
			runOnlyForDeploymentPostprocessing = 0;
		};
		7CA6D46B28B8BBF200573FF6 /* Sources */ = {
			isa = PBXSourcesBuildPhase;
			buildActionMask = 2147483647;
			files = (
				7CA6D47428B8BBF200573FF6 /* Lotto_AppUITests.swift in Sources */,
				7CA6D47628B8BBF200573FF6 /* Lotto_AppUITestsLaunchTests.swift in Sources */,
			);
			runOnlyForDeploymentPostprocessing = 0;
		};
/* End PBXSourcesBuildPhase section */

/* Begin PBXTargetDependency section */
		7CA6D46728B8BBF200573FF6 /* PBXTargetDependency */ = {
			isa = PBXTargetDependency;
			target = 7CA6D44B28B8BBEF00573FF6 /* Lotto App */;
			targetProxy = 7CA6D46628B8BBF200573FF6 /* PBXContainerItemProxy */;
		};
		7CA6D47128B8BBF200573FF6 /* PBXTargetDependency */ = {
			isa = PBXTargetDependency;
			target = 7CA6D44B28B8BBEF00573FF6 /* Lotto App */;
			targetProxy = 7CA6D47028B8BBF200573FF6 /* PBXContainerItemProxy */;
		};
/* End PBXTargetDependency section */

/* Begin PBXVariantGroup section */
		7CA6D45528B8BBEF00573FF6 /* Main.storyboard */ = {
			isa = PBXVariantGroup;
			children = (
				7CA6D45628B8BBEF00573FF6 /* Base */,
			);
			name = Main.storyboard;
			sourceTree = "<group>";
		};
		7CA6D45D28B8BBF200573FF6 /* LaunchScreen.storyboard */ = {
			isa = PBXVariantGroup;
			children = (
				7CA6D45E28B8BBF200573FF6 /* Base */,
			);
			name = LaunchScreen.storyboard;
			sourceTree = "<group>";
		};
/* End PBXVariantGroup section */

/* Begin XCBuildConfiguration section */
		7CA6D47728B8BBF200573FF6 /* Debug */ = {
			isa = XCBuildConfiguration;
			buildSettings = {
				ALWAYS_SEARCH_USER_PATHS = NO;
				CLANG_ANALYZER_NONNULL = YES;
				CLANG_ANALYZER_NUMBER_OBJECT_CONVERSION = YES_AGGRESSIVE;
				CLANG_CXX_LANGUAGE_STANDARD = "gnu++17";
				CLANG_ENABLE_MODULES = YES;
				CLANG_ENABLE_OBJC_ARC = YES;
				CLANG_ENABLE_OBJC_WEAK = YES;
				CLANG_WARN_BLOCK_CAPTURE_AUTORELEASING = YES;
				CLANG_WARN_BOOL_CONVERSION = YES;
				CLANG_WARN_COMMA = YES;
				CLANG_WARN_CONSTANT_CONVERSION = YES;
				CLANG_WARN_DEPRECATED_OBJC_IMPLEMENTATIONS = YES;
				CLANG_WARN_DIRECT_OBJC_ISA_USAGE = YES_ERROR;
				CLANG_WARN_DOCUMENTATION_COMMENTS = YES;
				CLANG_WARN_EMPTY_BODY = YES;
				CLANG_WARN_ENUM_CONVERSION = YES;
				CLANG_WARN_INFINITE_RECURSION = YES;
				CLANG_WARN_INT_CONVERSION = YES;
				CLANG_WARN_NON_LITERAL_NULL_CONVERSION = YES;
				CLANG_WARN_OBJC_IMPLICIT_RETAIN_SELF = YES;
				CLANG_WARN_OBJC_LITERAL_CONVERSION = YES;
				CLANG_WARN_OBJC_ROOT_CLASS = YES_ERROR;
				CLANG_WARN_QUOTED_INCLUDE_IN_FRAMEWORK_HEADER = YES;
				CLANG_WARN_RANGE_LOOP_ANALYSIS = YES;
				CLANG_WARN_STRICT_PROTOTYPES = YES;
				CLANG_WARN_SUSPICIOUS_MOVE = YES;
				CLANG_WARN_UNGUARDED_AVAILABILITY = YES_AGGRESSIVE;
				CLANG_WARN_UNREACHABLE_CODE = YES;
				CLANG_WARN__DUPLICATE_METHOD_MATCH = YES;
				COPY_PHASE_STRIP = NO;
				DEBUG_INFORMATION_FORMAT = dwarf;
				ENABLE_STRICT_OBJC_MSGSEND = YES;
				ENABLE_TESTABILITY = YES;
				GCC_C_LANGUAGE_STANDARD = gnu11;
				GCC_DYNAMIC_NO_PIC = NO;
				GCC_NO_COMMON_BLOCKS = YES;
				GCC_OPTIMIZATION_LEVEL = 0;
				GCC_PREPROCESSOR_DEFINITIONS = (
					"DEBUG=1",
					"$(inherited)",
				);
				GCC_WARN_64_TO_32_BIT_CONVERSION = YES;
				GCC_WARN_ABOUT_RETURN_TYPE = YES_ERROR;
				GCC_WARN_UNDECLARED_SELECTOR = YES;
				GCC_WARN_UNINITIALIZED_AUTOS = YES_AGGRESSIVE;
				GCC_WARN_UNUSED_FUNCTION = YES;
				GCC_WARN_UNUSED_VARIABLE = YES;
				IPHONEOS_DEPLOYMENT_TARGET = 15.5;
				MTL_ENABLE_DEBUG_INFO = INCLUDE_SOURCE;
				MTL_FAST_MATH = YES;
				ONLY_ACTIVE_ARCH = YES;
				SDKROOT = iphoneos;
				SWIFT_ACTIVE_COMPILATION_CONDITIONS = DEBUG;
				SWIFT_OPTIMIZATION_LEVEL = "-Onone";
			};
			name = Debug;
		};
		7CA6D47828B8BBF200573FF6 /* Release */ = {
			isa = XCBuildConfiguration;
			buildSettings = {
				ALWAYS_SEARCH_USER_PATHS = NO;
				CLANG_ANALYZER_NONNULL = YES;
				CLANG_ANALYZER_NUMBER_OBJECT_CONVERSION = YES_AGGRESSIVE;
				CLANG_CXX_LANGUAGE_STANDARD = "gnu++17";
				CLANG_ENABLE_MODULES = YES;
				CLANG_ENABLE_OBJC_ARC = YES;
				CLANG_ENABLE_OBJC_WEAK = YES;
				CLANG_WARN_BLOCK_CAPTURE_AUTORELEASING = YES;
				CLANG_WARN_BOOL_CONVERSION = YES;
				CLANG_WARN_COMMA = YES;
				CLANG_WARN_CONSTANT_CONVERSION = YES;
				CLANG_WARN_DEPRECATED_OBJC_IMPLEMENTATIONS = YES;
				CLANG_WARN_DIRECT_OBJC_ISA_USAGE = YES_ERROR;
				CLANG_WARN_DOCUMENTATION_COMMENTS = YES;
				CLANG_WARN_EMPTY_BODY = YES;
				CLANG_WARN_ENUM_CONVERSION = YES;
				CLANG_WARN_INFINITE_RECURSION = YES;
				CLANG_WARN_INT_CONVERSION = YES;
				CLANG_WARN_NON_LITERAL_NULL_CONVERSION = YES;
				CLANG_WARN_OBJC_IMPLICIT_RETAIN_SELF = YES;
				CLANG_WARN_OBJC_LITERAL_CONVERSION = YES;
				CLANG_WARN_OBJC_ROOT_CLASS = YES_ERROR;
				CLANG_WARN_QUOTED_INCLUDE_IN_FRAMEWORK_HEADER = YES;
				CLANG_WARN_RANGE_LOOP_ANALYSIS = YES;
				CLANG_WARN_STRICT_PROTOTYPES = YES;
				CLANG_WARN_SUSPICIOUS_MOVE = YES;
				CLANG_WARN_UNGUARDED_AVAILABILITY = YES_AGGRESSIVE;
				CLANG_WARN_UNREACHABLE_CODE = YES;
				CLANG_WARN__DUPLICATE_METHOD_MATCH = YES;
				COPY_PHASE_STRIP = NO;
				DEBUG_INFORMATION_FORMAT = "dwarf-with-dsym";
				ENABLE_NS_ASSERTIONS = NO;
				ENABLE_STRICT_OBJC_MSGSEND = YES;
				GCC_C_LANGUAGE_STANDARD = gnu11;
				GCC_NO_COMMON_BLOCKS = YES;
				GCC_WARN_64_TO_32_BIT_CONVERSION = YES;
				GCC_WARN_ABOUT_RETURN_TYPE = YES_ERROR;
				GCC_WARN_UNDECLARED_SELECTOR = YES;
				GCC_WARN_UNINITIALIZED_AUTOS = YES_AGGRESSIVE;
				GCC_WARN_UNUSED_FUNCTION = YES;
				GCC_WARN_UNUSED_VARIABLE = YES;
				IPHONEOS_DEPLOYMENT_TARGET = 15.5;
				MTL_ENABLE_DEBUG_INFO = NO;
				MTL_FAST_MATH = YES;
				SDKROOT = iphoneos;
				SWIFT_COMPILATION_MODE = wholemodule;
				SWIFT_OPTIMIZATION_LEVEL = "-O";
				VALIDATE_PRODUCT = YES;
			};
			name = Release;
		};
		7CA6D47A28B8BBF200573FF6 /* Debug */ = {
			isa = XCBuildConfiguration;
			buildSettings = {
				ASSETCATALOG_COMPILER_APPICON_NAME = AppIcon;
				ASSETCATALOG_COMPILER_GLOBAL_ACCENT_COLOR_NAME = AccentColor;
				CODE_SIGN_STYLE = Automatic;
				CURRENT_PROJECT_VERSION = 1;
				DEVELOPMENT_TEAM = ZMQC37ZP3D;
				GENERATE_INFOPLIST_FILE = YES;
				INFOPLIST_FILE = "Lotto App/Info.plist";
				INFOPLIST_KEY_UIApplicationSupportsIndirectInputEvents = YES;
				INFOPLIST_KEY_UILaunchStoryboardName = LaunchScreen;
				INFOPLIST_KEY_UIMainStoryboardFile = Main;
				INFOPLIST_KEY_UISupportedInterfaceOrientations_iPad = "UIInterfaceOrientationPortrait UIInterfaceOrientationPortraitUpsideDown UIInterfaceOrientationLandscapeLeft UIInterfaceOrientationLandscapeRight";
				INFOPLIST_KEY_UISupportedInterfaceOrientations_iPhone = "UIInterfaceOrientationPortrait UIInterfaceOrientationLandscapeLeft UIInterfaceOrientationLandscapeRight";
				LD_RUNPATH_SEARCH_PATHS = (
					"$(inherited)",
					"@executable_path/Frameworks",
				);
				MARKETING_VERSION = 1.0;
				PRODUCT_BUNDLE_IDENTIFIER = "dennis-sand.Lotto-App";
				PRODUCT_NAME = "$(TARGET_NAME)";
				SWIFT_EMIT_LOC_STRINGS = YES;
				SWIFT_VERSION = 5.0;
				TARGETED_DEVICE_FAMILY = "1,2";
			};
			name = Debug;
		};
		7CA6D47B28B8BBF200573FF6 /* Release */ = {
			isa = XCBuildConfiguration;
			buildSettings = {
				ASSETCATALOG_COMPILER_APPICON_NAME = AppIcon;
				ASSETCATALOG_COMPILER_GLOBAL_ACCENT_COLOR_NAME = AccentColor;
				CODE_SIGN_STYLE = Automatic;
				CURRENT_PROJECT_VERSION = 1;
				DEVELOPMENT_TEAM = ZMQC37ZP3D;
				GENERATE_INFOPLIST_FILE = YES;
				INFOPLIST_FILE = "Lotto App/Info.plist";
				INFOPLIST_KEY_UIApplicationSupportsIndirectInputEvents = YES;
				INFOPLIST_KEY_UILaunchStoryboardName = LaunchScreen;
				INFOPLIST_KEY_UIMainStoryboardFile = Main;
				INFOPLIST_KEY_UISupportedInterfaceOrientations_iPad = "UIInterfaceOrientationPortrait UIInterfaceOrientationPortraitUpsideDown UIInterfaceOrientationLandscapeLeft UIInterfaceOrientationLandscapeRight";
				INFOPLIST_KEY_UISupportedInterfaceOrientations_iPhone = "UIInterfaceOrientationPortrait UIInterfaceOrientationLandscapeLeft UIInterfaceOrientationLandscapeRight";
				LD_RUNPATH_SEARCH_PATHS = (
					"$(inherited)",
					"@executable_path/Frameworks",
				);
				MARKETING_VERSION = 1.0;
				PRODUCT_BUNDLE_IDENTIFIER = "dennis-sand.Lotto-App";
				PRODUCT_NAME = "$(TARGET_NAME)";
				SWIFT_EMIT_LOC_STRINGS = YES;
				SWIFT_VERSION = 5.0;
				TARGETED_DEVICE_FAMILY = "1,2";
			};
			name = Release;
		};
		7CA6D47D28B8BBF200573FF6 /* Debug */ = {
			isa = XCBuildConfiguration;
			buildSettings = {
				ALWAYS_EMBED_SWIFT_STANDARD_LIBRARIES = YES;
				BUNDLE_LOADER = "$(TEST_HOST)";
				CODE_SIGN_STYLE = Automatic;
				CURRENT_PROJECT_VERSION = 1;
				DEVELOPMENT_TEAM = ZMQC37ZP3D;
				GENERATE_INFOPLIST_FILE = YES;
				IPHONEOS_DEPLOYMENT_TARGET = 15.5;
				MARKETING_VERSION = 1.0;
				PRODUCT_BUNDLE_IDENTIFIER = "dennis-sand.Lotto-AppTests";
				PRODUCT_NAME = "$(TARGET_NAME)";
				SWIFT_EMIT_LOC_STRINGS = NO;
				SWIFT_VERSION = 5.0;
				TARGETED_DEVICE_FAMILY = "1,2";
				TEST_HOST = "$(BUILT_PRODUCTS_DIR)/Lotto App.app/Lotto App";
			};
			name = Debug;
		};
		7CA6D47E28B8BBF200573FF6 /* Release */ = {
			isa = XCBuildConfiguration;
			buildSettings = {
				ALWAYS_EMBED_SWIFT_STANDARD_LIBRARIES = YES;
				BUNDLE_LOADER = "$(TEST_HOST)";
				CODE_SIGN_STYLE = Automatic;
				CURRENT_PROJECT_VERSION = 1;
				DEVELOPMENT_TEAM = ZMQC37ZP3D;
				GENERATE_INFOPLIST_FILE = YES;
				IPHONEOS_DEPLOYMENT_TARGET = 15.5;
				MARKETING_VERSION = 1.0;
				PRODUCT_BUNDLE_IDENTIFIER = "dennis-sand.Lotto-AppTests";
				PRODUCT_NAME = "$(TARGET_NAME)";
				SWIFT_EMIT_LOC_STRINGS = NO;
				SWIFT_VERSION = 5.0;
				TARGETED_DEVICE_FAMILY = "1,2";
				TEST_HOST = "$(BUILT_PRODUCTS_DIR)/Lotto App.app/Lotto App";
			};
			name = Release;
		};
		7CA6D48028B8BBF200573FF6 /* Debug */ = {
			isa = XCBuildConfiguration;
			buildSettings = {
				ALWAYS_EMBED_SWIFT_STANDARD_LIBRARIES = YES;
				CODE_SIGN_STYLE = Automatic;
				CURRENT_PROJECT_VERSION = 1;
				DEVELOPMENT_TEAM = ZMQC37ZP3D;
				GENERATE_INFOPLIST_FILE = YES;
				MARKETING_VERSION = 1.0;
				PRODUCT_BUNDLE_IDENTIFIER = "dennis-sand.Lotto-AppUITests";
				PRODUCT_NAME = "$(TARGET_NAME)";
				SWIFT_EMIT_LOC_STRINGS = NO;
				SWIFT_VERSION = 5.0;
				TARGETED_DEVICE_FAMILY = "1,2";
				TEST_TARGET_NAME = "Lotto App";
			};
			name = Debug;
		};
		7CA6D48128B8BBF200573FF6 /* Release */ = {
			isa = XCBuildConfiguration;
			buildSettings = {
				ALWAYS_EMBED_SWIFT_STANDARD_LIBRARIES = YES;
				CODE_SIGN_STYLE = Automatic;
				CURRENT_PROJECT_VERSION = 1;
				DEVELOPMENT_TEAM = ZMQC37ZP3D;
				GENERATE_INFOPLIST_FILE = YES;
				MARKETING_VERSION = 1.0;
				PRODUCT_BUNDLE_IDENTIFIER = "dennis-sand.Lotto-AppUITests";
				PRODUCT_NAME = "$(TARGET_NAME)";
				SWIFT_EMIT_LOC_STRINGS = NO;
				SWIFT_VERSION = 5.0;
				TARGETED_DEVICE_FAMILY = "1,2";
				TEST_TARGET_NAME = "Lotto App";
			};
			name = Release;
		};
/* End XCBuildConfiguration section */

/* Begin XCConfigurationList section */
		7CA6D44728B8BBEF00573FF6 /* Build configuration list for PBXProject "Lotto App" */ = {
			isa = XCConfigurationList;
			buildConfigurations = (
				7CA6D47728B8BBF200573FF6 /* Debug */,
				7CA6D47828B8BBF200573FF6 /* Release */,
			);
			defaultConfigurationIsVisible = 0;
			defaultConfigurationName = Release;
		};
		7CA6D47928B8BBF200573FF6 /* Build configuration list for PBXNativeTarget "Lotto App" */ = {
			isa = XCConfigurationList;
			buildConfigurations = (
				7CA6D47A28B8BBF200573FF6 /* Debug */,
				7CA6D47B28B8BBF200573FF6 /* Release */,
			);
			defaultConfigurationIsVisible = 0;
			defaultConfigurationName = Release;
		};
		7CA6D47C28B8BBF200573FF6 /* Build configuration list for PBXNativeTarget "Lotto AppTests" */ = {
			isa = XCConfigurationList;
			buildConfigurations = (
				7CA6D47D28B8BBF200573FF6 /* Debug */,
				7CA6D47E28B8BBF200573FF6 /* Release */,
			);
			defaultConfigurationIsVisible = 0;
			defaultConfigurationName = Release;
		};
		7CA6D47F28B8BBF200573FF6 /* Build configuration list for PBXNativeTarget "Lotto AppUITests" */ = {
			isa = XCConfigurationList;
			buildConfigurations = (
				7CA6D48028B8BBF200573FF6 /* Debug */,
				7CA6D48128B8BBF200573FF6 /* Release */,
			);
			defaultConfigurationIsVisible = 0;
			defaultConfigurationName = Release;
		};
/* End XCConfigurationList section */

/* Begin XCVersionGroup section */
		7CA6D45828B8BBEF00573FF6 /* Lotto_App.xcdatamodeld */ = {
			isa = XCVersionGroup;
			children = (
				7CA6D45928B8BBEF00573FF6 /* Lotto_App.xcdatamodel */,
			);
			currentVersion = 7CA6D45928B8BBEF00573FF6 /* Lotto_App.xcdatamodel */;
			path = Lotto_App.xcdatamodeld;
			sourceTree = "<group>";
			versionGroupType = wrapper.xcdatamodel;
		};
/* End XCVersionGroup section */
	};
	rootObject = 7CA6D44428B8BBEF00573FF6 /* Project object */;
}
